
Microsoft Visual Studio Solution File, Format Version 12.00
# Visual Studio Version 17
VisualStudioVersion = 17.10.35027.167
MinimumVisualStudioVersion = 10.0.40219.1
Project("{9A19103F-16F7-4668-BE54-9A1E7A4F7556}") = "BlogApp", "BlogApp\BlogApp.csproj", "{D7B5026E-262B-4C90-9718-5C3BF92A4241}"
EndProject
Project("{FAE04EC0-301F-11D3-BF4B-00C04F79EFBC}") = "API", "API\API.csproj", "{F9211E50-BAD7-4DCE-8647-2306030373D4}"
EndProject
Global
	GlobalSection(SolutionConfigurationPlatforms) = preSolution
		Debug|Any CPU = Debug|Any CPU
		Release|Any CPU = Release|Any CPU
	EndGlobalSection
	GlobalSection(ProjectConfigurationPlatforms) = postSolution
		{D7B5026E-262B-4C90-9718-5C3BF92A4241}.Debug|Any CPU.ActiveCfg = Debug|Any CPU
		{D7B5026E-262B-4C90-9718-5C3BF92A4241}.Debug|Any CPU.Build.0 = Debug|Any CPU
		{D7B5026E-262B-4C90-9718-5C3BF92A4241}.Release|Any CPU.ActiveCfg = Release|Any CPU
		{D7B5026E-262B-4C90-9718-5C3BF92A4241}.Release|Any CPU.Build.0 = Release|Any CPU
		{F9211E50-BAD7-4DCE-8647-2306030373D4}.Debug|Any CPU.ActiveCfg = Debug|Any CPU
		{F9211E50-BAD7-4DCE-8647-2306030373D4}.Debug|Any CPU.Build.0 = Debug|Any CPU
		{F9211E50-BAD7-4DCE-8647-2306030373D4}.Release|Any CPU.ActiveCfg = Release|Any CPU
		{F9211E50-BAD7-4DCE-8647-2306030373D4}.Release|Any CPU.Build.0 = Release|Any CPU
	EndGlobalSection
	GlobalSection(SolutionProperties) = preSolution
		HideSolutionNode = FALSE
	EndGlobalSection
	GlobalSection(ExtensibilityGlobals) = postSolution
		SolutionGuid = {4A49C0FB-BE36-4A3B-8CD5-4D811C4F67B7}
	EndGlobalSection
EndGlobal
